// !$*UTF8*$!
{
	archiveVersion = 1;
	classes = {
	};
	objectVersion = 51;
	objects = {

/* Begin PBXBuildFile section */
		9F2256204AB1918F7A53EC17 /* Pods_kakaoMakers.framework in Frameworks */ = {isa = PBXBuildFile; fileRef = 599FE0DE1BF31CAF577FEFF8 /* Pods_kakaoMakers.framework */; };
		D223FF702679BDF30060BD99 /* MovieAPI.swift in Sources */ = {isa = PBXBuildFile; fileRef = D223FF6F2679BDF30060BD99 /* MovieAPI.swift */; };
		D223FF722679BE070060BD99 /* MovieNetworkManager.swift in Sources */ = {isa = PBXBuildFile; fileRef = D223FF712679BE070060BD99 /* MovieNetworkManager.swift */; };
		D223FF752679BE130060BD99 /* Movie.swift in Sources */ = {isa = PBXBuildFile; fileRef = D223FF742679BE130060BD99 /* Movie.swift */; };
		D223FF772679BE210060BD99 /* DetailMovie.swift in Sources */ = {isa = PBXBuildFile; fileRef = D223FF762679BE210060BD99 /* DetailMovie.swift */; };
		D25985BA2678E82200395A4E /* Home.storyboard in Resources */ = {isa = PBXBuildFile; fileRef = D25985B92678E82200395A4E /* Home.storyboard */; };
		D25985BF2678E91400395A4E /* RecentlyViewController.swift in Sources */ = {isa = PBXBuildFile; fileRef = D25985BE2678E91400395A4E /* RecentlyViewController.swift */; };
		D25985C12678E93900395A4E /* MainHomeViewController.swift in Sources */ = {isa = PBXBuildFile; fileRef = D25985C02678E93900395A4E /* MainHomeViewController.swift */; };
		D25985C32678E98200395A4E /* CommingSoonViewController.swift in Sources */ = {isa = PBXBuildFile; fileRef = D25985C22678E98200395A4E /* CommingSoonViewController.swift */; };
		D25985C52678E98C00395A4E /* LikeViewController.swift in Sources */ = {isa = PBXBuildFile; fileRef = D25985C42678E98C00395A4E /* LikeViewController.swift */; };
		D27CE089267A6AB400D7EC83 /* LikeTableViewCell.swift in Sources */ = {isa = PBXBuildFile; fileRef = D27CE088267A6AB400D7EC83 /* LikeTableViewCell.swift */; };
		D28AEEC1267A1DBD008E509E /* CommingSoonTableViewCell.swift in Sources */ = {isa = PBXBuildFile; fileRef = D28AEEC0267A1DBD008E509E /* CommingSoonTableViewCell.swift */; };
		D28AEEC3267A3CB5008E509E /* CustomUIButton.swift in Sources */ = {isa = PBXBuildFile; fileRef = D28AEEC2267A3CB5008E509E /* CustomUIButton.swift */; };
		D2C5AE832678D75F003B123D /* AppDelegate.swift in Sources */ = {isa = PBXBuildFile; fileRef = D2C5AE822678D75F003B123D /* AppDelegate.swift */; };
		D2C5AE852678D75F003B123D /* SceneDelegate.swift in Sources */ = {isa = PBXBuildFile; fileRef = D2C5AE842678D75F003B123D /* SceneDelegate.swift */; };
		D2C5AE8A2678D75F003B123D /* Main.storyboard in Resources */ = {isa = PBXBuildFile; fileRef = D2C5AE882678D75F003B123D /* Main.storyboard */; };
		D2C5AE8F2678D760003B123D /* LaunchScreen.storyboard in Resources */ = {isa = PBXBuildFile; fileRef = D2C5AE8D2678D760003B123D /* LaunchScreen.storyboard */; };
		D2C5AE972678DACC003B123D /* HomeViewController.swift in Sources */ = {isa = PBXBuildFile; fileRef = D2C5AE962678DACC003B123D /* HomeViewController.swift */; };
		D2C5AE9A2678DB2E003B123D /* SearchViewController.swift in Sources */ = {isa = PBXBuildFile; fileRef = D2C5AE992678DB2E003B123D /* SearchViewController.swift */; };
		D2C5AE9C2678DB3D003B123D /* AlarmViewController.swift in Sources */ = {isa = PBXBuildFile; fileRef = D2C5AE9B2678DB3D003B123D /* AlarmViewController.swift */; };
		D2C5AE9E2678DB4E003B123D /* MyViewController.swift in Sources */ = {isa = PBXBuildFile; fileRef = D2C5AE9D2678DB4E003B123D /* MyViewController.swift */; };
		D2C5AEA02678DD90003B123D /* Assets.xcassets in Resources */ = {isa = PBXBuildFile; fileRef = D2C5AE9F2678DD90003B123D /* Assets.xcassets */; };
		D2C5AEA42678DF15003B123D /* TabBarViewController.swift in Sources */ = {isa = PBXBuildFile; fileRef = D2C5AEA32678DF15003B123D /* TabBarViewController.swift */; };
/* End PBXBuildFile section */

/* Begin PBXFileReference section */
		40415D131D234751CA9EF140 /* Pods-kakaoMakers.debug.xcconfig */ = {isa = PBXFileReference; includeInIndex = 1; lastKnownFileType = text.xcconfig; name = "Pods-kakaoMakers.debug.xcconfig"; path = "Target Support Files/Pods-kakaoMakers/Pods-kakaoMakers.debug.xcconfig"; sourceTree = "<group>"; };
		599FE0DE1BF31CAF577FEFF8 /* Pods_kakaoMakers.framework */ = {isa = PBXFileReference; explicitFileType = wrapper.framework; includeInIndex = 0; path = Pods_kakaoMakers.framework; sourceTree = BUILT_PRODUCTS_DIR; };
		6139545570FCF62347124ADD /* Pods-kakaoMakers.release.xcconfig */ = {isa = PBXFileReference; includeInIndex = 1; lastKnownFileType = text.xcconfig; name = "Pods-kakaoMakers.release.xcconfig"; path = "Target Support Files/Pods-kakaoMakers/Pods-kakaoMakers.release.xcconfig"; sourceTree = "<group>"; };
		D223FF6F2679BDF30060BD99 /* MovieAPI.swift */ = {isa = PBXFileReference; lastKnownFileType = sourcecode.swift; path = MovieAPI.swift; sourceTree = "<group>"; };
		D223FF712679BE070060BD99 /* MovieNetworkManager.swift */ = {isa = PBXFileReference; lastKnownFileType = sourcecode.swift; path = MovieNetworkManager.swift; sourceTree = "<group>"; };
		D223FF742679BE130060BD99 /* Movie.swift */ = {isa = PBXFileReference; lastKnownFileType = sourcecode.swift; path = Movie.swift; sourceTree = "<group>"; };
		D223FF762679BE210060BD99 /* DetailMovie.swift */ = {isa = PBXFileReference; lastKnownFileType = sourcecode.swift; path = DetailMovie.swift; sourceTree = "<group>"; };
		D25985B92678E82200395A4E /* Home.storyboard */ = {isa = PBXFileReference; fileEncoding = 4; lastKnownFileType = file.storyboard; path = Home.storyboard; sourceTree = "<group>"; };
		D25985BE2678E91400395A4E /* RecentlyViewController.swift */ = {isa = PBXFileReference; lastKnownFileType = sourcecode.swift; path = RecentlyViewController.swift; sourceTree = "<group>"; };
		D25985C02678E93900395A4E /* MainHomeViewController.swift */ = {isa = PBXFileReference; lastKnownFileType = sourcecode.swift; path = MainHomeViewController.swift; sourceTree = "<group>"; };
		D25985C22678E98200395A4E /* CommingSoonViewController.swift */ = {isa = PBXFileReference; lastKnownFileType = sourcecode.swift; path = CommingSoonViewController.swift; sourceTree = "<group>"; };
		D25985C42678E98C00395A4E /* LikeViewController.swift */ = {isa = PBXFileReference; lastKnownFileType = sourcecode.swift; path = LikeViewController.swift; sourceTree = "<group>"; };
		D27CE088267A6AB400D7EC83 /* LikeTableViewCell.swift */ = {isa = PBXFileReference; lastKnownFileType = sourcecode.swift; path = LikeTableViewCell.swift; sourceTree = "<group>"; };
		D28AEEC0267A1DBD008E509E /* CommingSoonTableViewCell.swift */ = {isa = PBXFileReference; lastKnownFileType = sourcecode.swift; path = CommingSoonTableViewCell.swift; sourceTree = "<group>"; };
		D28AEEC2267A3CB5008E509E /* CustomUIButton.swift */ = {isa = PBXFileReference; lastKnownFileType = sourcecode.swift; path = CustomUIButton.swift; sourceTree = "<group>"; };
		D2C5AE7F2678D75F003B123D /* kakaoMakers.app */ = {isa = PBXFileReference; explicitFileType = wrapper.application; includeInIndex = 0; path = kakaoMakers.app; sourceTree = BUILT_PRODUCTS_DIR; };
		D2C5AE822678D75F003B123D /* AppDelegate.swift */ = {isa = PBXFileReference; lastKnownFileType = sourcecode.swift; path = AppDelegate.swift; sourceTree = "<group>"; };
		D2C5AE842678D75F003B123D /* SceneDelegate.swift */ = {isa = PBXFileReference; lastKnownFileType = sourcecode.swift; path = SceneDelegate.swift; sourceTree = "<group>"; };
		D2C5AE892678D75F003B123D /* Base */ = {isa = PBXFileReference; lastKnownFileType = file.storyboard; name = Base; path = Base.lproj/Main.storyboard; sourceTree = "<group>"; };
		D2C5AE8E2678D760003B123D /* Base */ = {isa = PBXFileReference; lastKnownFileType = file.storyboard; name = Base; path = Base.lproj/LaunchScreen.storyboard; sourceTree = "<group>"; };
		D2C5AE902678D760003B123D /* Info.plist */ = {isa = PBXFileReference; lastKnownFileType = text.plist.xml; path = Info.plist; sourceTree = "<group>"; };
		D2C5AE962678DACC003B123D /* HomeViewController.swift */ = {isa = PBXFileReference; lastKnownFileType = sourcecode.swift; path = HomeViewController.swift; sourceTree = "<group>"; };
		D2C5AE992678DB2E003B123D /* SearchViewController.swift */ = {isa = PBXFileReference; lastKnownFileType = sourcecode.swift; path = SearchViewController.swift; sourceTree = "<group>"; };
		D2C5AE9B2678DB3D003B123D /* AlarmViewController.swift */ = {isa = PBXFileReference; lastKnownFileType = sourcecode.swift; path = AlarmViewController.swift; sourceTree = "<group>"; };
		D2C5AE9D2678DB4E003B123D /* MyViewController.swift */ = {isa = PBXFileReference; lastKnownFileType = sourcecode.swift; path = MyViewController.swift; sourceTree = "<group>"; };
		D2C5AE9F2678DD90003B123D /* Assets.xcassets */ = {isa = PBXFileReference; lastKnownFileType = folder.assetcatalog; path = Assets.xcassets; sourceTree = "<group>"; };
		D2C5AEA32678DF15003B123D /* TabBarViewController.swift */ = {isa = PBXFileReference; lastKnownFileType = sourcecode.swift; path = TabBarViewController.swift; sourceTree = "<group>"; };
/* End PBXFileReference section */

/* Begin PBXFrameworksBuildPhase section */
		D2C5AE7C2678D75F003B123D /* Frameworks */ = {
			isa = PBXFrameworksBuildPhase;
			buildActionMask = 2147483647;
			files = (
				9F2256204AB1918F7A53EC17 /* Pods_kakaoMakers.framework in Frameworks */,
			);
			runOnlyForDeploymentPostprocessing = 0;
		};
/* End PBXFrameworksBuildPhase section */

/* Begin PBXGroup section */
		954747C566429AACB66B978F /* Frameworks */ = {
			isa = PBXGroup;
			children = (
				599FE0DE1BF31CAF577FEFF8 /* Pods_kakaoMakers.framework */,
			);
			name = Frameworks;
			sourceTree = "<group>";
		};
		D223FF6E2679BDE50060BD99 /* API */ = {
			isa = PBXGroup;
			children = (
				D223FF6F2679BDF30060BD99 /* MovieAPI.swift */,
				D223FF712679BE070060BD99 /* MovieNetworkManager.swift */,
			);
			path = API;
			sourceTree = "<group>";
		};
		D223FF732679BE090060BD99 /* Model */ = {
			isa = PBXGroup;
			children = (
				D223FF742679BE130060BD99 /* Movie.swift */,
				D223FF762679BE210060BD99 /* DetailMovie.swift */,
			);
			path = Model;
			sourceTree = "<group>";
		};
		D25985BB2678E8B900395A4E /* StoryBoard */ = {
			isa = PBXGroup;
			children = (
				D2C5AE882678D75F003B123D /* Main.storyboard */,
				D25985B92678E82200395A4E /* Home.storyboard */,
			);
			path = StoryBoard;
			sourceTree = "<group>";
		};
		D25985BC2678E8E000395A4E /* HomeUI */ = {
			isa = PBXGroup;
			children = (
				D2C5AE962678DACC003B123D /* HomeViewController.swift */,
				D25985BE2678E91400395A4E /* RecentlyViewController.swift */,
				D25985C02678E93900395A4E /* MainHomeViewController.swift */,
				D25985C22678E98200395A4E /* CommingSoonViewController.swift */,
				D25985C42678E98C00395A4E /* LikeViewController.swift */,
			);
			path = HomeUI;
			sourceTree = "<group>";
		};
		D28AEEB62679E143008E509E /* Custom */ = {
			isa = PBXGroup;
			children = (
				D28AEEC4267A3F28008E509E /* Button */,
				D28AEEBF267A1DA1008E509E /* TableViewCell */,
			);
			path = Custom;
			sourceTree = "<group>";
		};
		D28AEEBF267A1DA1008E509E /* TableViewCell */ = {
			isa = PBXGroup;
			children = (
				D28AEEC0267A1DBD008E509E /* CommingSoonTableViewCell.swift */,
				D27CE088267A6AB400D7EC83 /* LikeTableViewCell.swift */,
			);
			path = TableViewCell;
			sourceTree = "<group>";
		};
		D28AEEC4267A3F28008E509E /* Button */ = {
			isa = PBXGroup;
			children = (
				D28AEEC2267A3CB5008E509E /* CustomUIButton.swift */,
			);
			path = Button;
			sourceTree = "<group>";
		};
		D2C5AE762678D75F003B123D = {
			isa = PBXGroup;
			children = (
				D2C5AE812678D75F003B123D /* kakaoMakers */,
				D2C5AE802678D75F003B123D /* Products */,
				E825C612184FF51C326BFAB3 /* Pods */,
				954747C566429AACB66B978F /* Frameworks */,
			);
			sourceTree = "<group>";
		};
		D2C5AE802678D75F003B123D /* Products */ = {
			isa = PBXGroup;
			children = (
				D2C5AE7F2678D75F003B123D /* kakaoMakers.app */,
			);
			name = Products;
			sourceTree = "<group>";
		};
		D2C5AE812678D75F003B123D /* kakaoMakers */ = {
			isa = PBXGroup;
			children = (
				D2C5AE982678DAE8003B123D /* UI */,
				D25985BB2678E8B900395A4E /* StoryBoard */,
				D223FF6E2679BDE50060BD99 /* API */,
				D223FF732679BE090060BD99 /* Model */,
				D28AEEB62679E143008E509E /* Custom */,
				D2C5AE842678D75F003B123D /* SceneDelegate.swift */,
				D2C5AE822678D75F003B123D /* AppDelegate.swift */,
				D2C5AE8D2678D760003B123D /* LaunchScreen.storyboard */,
				D2C5AE9F2678DD90003B123D /* Assets.xcassets */,
				D2C5AE902678D760003B123D /* Info.plist */,
			);
			path = kakaoMakers;
			sourceTree = "<group>";
		};
		D2C5AE982678DAE8003B123D /* UI */ = {
			isa = PBXGroup;
			children = (
				D25985BC2678E8E000395A4E /* HomeUI */,
				D2C5AE992678DB2E003B123D /* SearchViewController.swift */,
				D2C5AE9B2678DB3D003B123D /* AlarmViewController.swift */,
				D2C5AE9D2678DB4E003B123D /* MyViewController.swift */,
				D2C5AEA32678DF15003B123D /* TabBarViewController.swift */,
			);
			path = UI;
			sourceTree = "<group>";
		};
		E825C612184FF51C326BFAB3 /* Pods */ = {
			isa = PBXGroup;
			children = (
				40415D131D234751CA9EF140 /* Pods-kakaoMakers.debug.xcconfig */,
				6139545570FCF62347124ADD /* Pods-kakaoMakers.release.xcconfig */,
			);
			path = Pods;
			sourceTree = "<group>";
		};
/* End PBXGroup section */

/* Begin PBXNativeTarget section */
		D2C5AE7E2678D75F003B123D /* kakaoMakers */ = {
			isa = PBXNativeTarget;
			buildConfigurationList = D2C5AE932678D760003B123D /* Build configuration list for PBXNativeTarget "kakaoMakers" */;
			buildPhases = (
				EBA763B9DD093F555D809F18 /* [CP] Check Pods Manifest.lock */,
				D2C5AE7B2678D75F003B123D /* Sources */,
				D2C5AE7C2678D75F003B123D /* Frameworks */,
				D2C5AE7D2678D75F003B123D /* Resources */,
				7CCA75FDFFF4C65F3040A3F1 /* [CP] Embed Pods Frameworks */,
			);
			buildRules = (
			);
			dependencies = (
			);
			name = kakaoMakers;
			productName = kakaoMakers;
			productReference = D2C5AE7F2678D75F003B123D /* kakaoMakers.app */;
			productType = "com.apple.product-type.application";
		};
/* End PBXNativeTarget section */

/* Begin PBXProject section */
		D2C5AE772678D75F003B123D /* Project object */ = {
			isa = PBXProject;
			attributes = {
				LastSwiftUpdateCheck = 1250;
				LastUpgradeCheck = 1250;
				TargetAttributes = {
					D2C5AE7E2678D75F003B123D = {
						CreatedOnToolsVersion = 12.5;
					};
				};
			};
			buildConfigurationList = D2C5AE7A2678D75F003B123D /* Build configuration list for PBXProject "kakaoMakers" */;
			compatibilityVersion = "Xcode 9.3";
			developmentRegion = en;
			hasScannedForEncodings = 0;
			knownRegions = (
				en,
				Base,
			);
			mainGroup = D2C5AE762678D75F003B123D;
			productRefGroup = D2C5AE802678D75F003B123D /* Products */;
			projectDirPath = "";
			projectRoot = "";
			targets = (
				D2C5AE7E2678D75F003B123D /* kakaoMakers */,
			);
		};
/* End PBXProject section */

/* Begin PBXResourcesBuildPhase section */
		D2C5AE7D2678D75F003B123D /* Resources */ = {
			isa = PBXResourcesBuildPhase;
			buildActionMask = 2147483647;
			files = (
				D2C5AE8F2678D760003B123D /* LaunchScreen.storyboard in Resources */,
				D2C5AEA02678DD90003B123D /* Assets.xcassets in Resources */,
				D2C5AE8A2678D75F003B123D /* Main.storyboard in Resources */,
				D25985BA2678E82200395A4E /* Home.storyboard in Resources */,
			);
			runOnlyForDeploymentPostprocessing = 0;
		};
/* End PBXResourcesBuildPhase section */

/* Begin PBXShellScriptBuildPhase section */
		7CCA75FDFFF4C65F3040A3F1 /* [CP] Embed Pods Frameworks */ = {
			isa = PBXShellScriptBuildPhase;
			buildActionMask = 2147483647;
			files = (
			);
			inputFileListPaths = (
				"${PODS_ROOT}/Target Support Files/Pods-kakaoMakers/Pods-kakaoMakers-frameworks-${CONFIGURATION}-input-files.xcfilelist",
			);
			name = "[CP] Embed Pods Frameworks";
			outputFileListPaths = (
				"${PODS_ROOT}/Target Support Files/Pods-kakaoMakers/Pods-kakaoMakers-frameworks-${CONFIGURATION}-output-files.xcfilelist",
			);
			runOnlyForDeploymentPostprocessing = 0;
			shellPath = /bin/sh;
			shellScript = "\"${PODS_ROOT}/Target Support Files/Pods-kakaoMakers/Pods-kakaoMakers-frameworks.sh\"\n";
			showEnvVarsInLog = 0;
		};
		EBA763B9DD093F555D809F18 /* [CP] Check Pods Manifest.lock */ = {
			isa = PBXShellScriptBuildPhase;
			buildActionMask = 2147483647;
			files = (
			);
			inputFileListPaths = (
			);
			inputPaths = (
				"${PODS_PODFILE_DIR_PATH}/Podfile.lock",
				"${PODS_ROOT}/Manifest.lock",
			);
			name = "[CP] Check Pods Manifest.lock";
			outputFileListPaths = (
			);
			outputPaths = (
				"$(DERIVED_FILE_DIR)/Pods-kakaoMakers-checkManifestLockResult.txt",
			);
			runOnlyForDeploymentPostprocessing = 0;
			shellPath = /bin/sh;
			shellScript = "diff \"${PODS_PODFILE_DIR_PATH}/Podfile.lock\" \"${PODS_ROOT}/Manifest.lock\" > /dev/null\nif [ $? != 0 ] ; then\n    # print error to STDERR\n    echo \"error: The sandbox is not in sync with the Podfile.lock. Run 'pod install' or update your CocoaPods installation.\" >&2\n    exit 1\nfi\n# This output is used by Xcode 'outputs' to avoid re-running this script phase.\necho \"SUCCESS\" > \"${SCRIPT_OUTPUT_FILE_0}\"\n";
			showEnvVarsInLog = 0;
		};
/* End PBXShellScriptBuildPhase section */

/* Begin PBXSourcesBuildPhase section */
		D2C5AE7B2678D75F003B123D /* Sources */ = {
			isa = PBXSourcesBuildPhase;
			buildActionMask = 2147483647;
			files = (
				D223FF752679BE130060BD99 /* Movie.swift in Sources */,
				D2C5AE9C2678DB3D003B123D /* AlarmViewController.swift in Sources */,
				D25985C12678E93900395A4E /* MainHomeViewController.swift in Sources */,
				D2C5AE832678D75F003B123D /* AppDelegate.swift in Sources */,
				D223FF702679BDF30060BD99 /* MovieAPI.swift in Sources */,
				D28AEEC1267A1DBD008E509E /* CommingSoonTableViewCell.swift in Sources */,
				D223FF772679BE210060BD99 /* DetailMovie.swift in Sources */,
				D2C5AE852678D75F003B123D /* SceneDelegate.swift in Sources */,
				D2C5AE9A2678DB2E003B123D /* SearchViewController.swift in Sources */,
				D28AEEC3267A3CB5008E509E /* CustomUIButton.swift in Sources */,
				D25985BF2678E91400395A4E /* RecentlyViewController.swift in Sources */,
				D25985C32678E98200395A4E /* CommingSoonViewController.swift in Sources */,
				D27CE089267A6AB400D7EC83 /* LikeTableViewCell.swift in Sources */,
				D2C5AEA42678DF15003B123D /* TabBarViewController.swift in Sources */,
				D2C5AE9E2678DB4E003B123D /* MyViewController.swift in Sources */,
				D223FF722679BE070060BD99 /* MovieNetworkManager.swift in Sources */,
				D25985C52678E98C00395A4E /* LikeViewController.swift in Sources */,
				D2C5AE972678DACC003B123D /* HomeViewController.swift in Sources */,
			);
			runOnlyForDeploymentPostprocessing = 0;
		};
/* End PBXSourcesBuildPhase section */

/* Begin PBXVariantGroup section */
		D2C5AE882678D75F003B123D /* Main.storyboard */ = {
			isa = PBXVariantGroup;
			children = (
				D2C5AE892678D75F003B123D /* Base */,
			);
			name = Main.storyboard;
			sourceTree = "<group>";
		};
		D2C5AE8D2678D760003B123D /* LaunchScreen.storyboard */ = {
			isa = PBXVariantGroup;
			children = (
				D2C5AE8E2678D760003B123D /* Base */,
			);
			name = LaunchScreen.storyboard;
			sourceTree = "<group>";
		};
/* End PBXVariantGroup section */

/* Begin XCBuildConfiguration section */
		D2C5AE912678D760003B123D /* Debug */ = {
			isa = XCBuildConfiguration;
			buildSettings = {
				ALWAYS_SEARCH_USER_PATHS = NO;
				CLANG_ANALYZER_NONNULL = YES;
				CLANG_ANALYZER_NUMBER_OBJECT_CONVERSION = YES_AGGRESSIVE;
				CLANG_CXX_LANGUAGE_STANDARD = "gnu++14";
				CLANG_CXX_LIBRARY = "libc++";
				CLANG_ENABLE_MODULES = YES;
				CLANG_ENABLE_OBJC_ARC = YES;
				CLANG_ENABLE_OBJC_WEAK = YES;
				CLANG_WARN_BLOCK_CAPTURE_AUTORELEASING = YES;
				CLANG_WARN_BOOL_CONVERSION = YES;
				CLANG_WARN_COMMA = YES;
				CLANG_WARN_CONSTANT_CONVERSION = YES;
				CLANG_WARN_DEPRECATED_OBJC_IMPLEMENTATIONS = YES;
				CLANG_WARN_DIRECT_OBJC_ISA_USAGE = YES_ERROR;
				CLANG_WARN_DOCUMENTATION_COMMENTS = YES;
				CLANG_WARN_EMPTY_BODY = YES;
				CLANG_WARN_ENUM_CONVERSION = YES;
				CLANG_WARN_INFINITE_RECURSION = YES;
				CLANG_WARN_INT_CONVERSION = YES;
				CLANG_WARN_NON_LITERAL_NULL_CONVERSION = YES;
				CLANG_WARN_OBJC_IMPLICIT_RETAIN_SELF = YES;
				CLANG_WARN_OBJC_LITERAL_CONVERSION = YES;
				CLANG_WARN_OBJC_ROOT_CLASS = YES_ERROR;
				CLANG_WARN_QUOTED_INCLUDE_IN_FRAMEWORK_HEADER = YES;
				CLANG_WARN_RANGE_LOOP_ANALYSIS = YES;
				CLANG_WARN_STRICT_PROTOTYPES = YES;
				CLANG_WARN_SUSPICIOUS_MOVE = YES;
				CLANG_WARN_UNGUARDED_AVAILABILITY = YES_AGGRESSIVE;
				CLANG_WARN_UNREACHABLE_CODE = YES;
				CLANG_WARN__DUPLICATE_METHOD_MATCH = YES;
				COPY_PHASE_STRIP = NO;
				DEBUG_INFORMATION_FORMAT = dwarf;
				ENABLE_STRICT_OBJC_MSGSEND = YES;
				ENABLE_TESTABILITY = YES;
				GCC_C_LANGUAGE_STANDARD = gnu11;
				GCC_DYNAMIC_NO_PIC = NO;
				GCC_NO_COMMON_BLOCKS = YES;
				GCC_OPTIMIZATION_LEVEL = 0;
				GCC_PREPROCESSOR_DEFINITIONS = (
					"DEBUG=1",
					"$(inherited)",
				);
				GCC_WARN_64_TO_32_BIT_CONVERSION = YES;
				GCC_WARN_ABOUT_RETURN_TYPE = YES_ERROR;
				GCC_WARN_UNDECLARED_SELECTOR = YES;
				GCC_WARN_UNINITIALIZED_AUTOS = YES_AGGRESSIVE;
				GCC_WARN_UNUSED_FUNCTION = YES;
				GCC_WARN_UNUSED_VARIABLE = YES;
				IPHONEOS_DEPLOYMENT_TARGET = 14.5;
				MTL_ENABLE_DEBUG_INFO = INCLUDE_SOURCE;
				MTL_FAST_MATH = YES;
				ONLY_ACTIVE_ARCH = YES;
				SDKROOT = iphoneos;
				SWIFT_ACTIVE_COMPILATION_CONDITIONS = DEBUG;
				SWIFT_OPTIMIZATION_LEVEL = "-Onone";
			};
			name = Debug;
		};
		D2C5AE922678D760003B123D /* Release */ = {
			isa = XCBuildConfiguration;
			buildSettings = {
				ALWAYS_SEARCH_USER_PATHS = NO;
				CLANG_ANALYZER_NONNULL = YES;
				CLANG_ANALYZER_NUMBER_OBJECT_CONVERSION = YES_AGGRESSIVE;
				CLANG_CXX_LANGUAGE_STANDARD = "gnu++14";
				CLANG_CXX_LIBRARY = "libc++";
				CLANG_ENABLE_MODULES = YES;
				CLANG_ENABLE_OBJC_ARC = YES;
				CLANG_ENABLE_OBJC_WEAK = YES;
				CLANG_WARN_BLOCK_CAPTURE_AUTORELEASING = YES;
				CLANG_WARN_BOOL_CONVERSION = YES;
				CLANG_WARN_COMMA = YES;
				CLANG_WARN_CONSTANT_CONVERSION = YES;
				CLANG_WARN_DEPRECATED_OBJC_IMPLEMENTATIONS = YES;
				CLANG_WARN_DIRECT_OBJC_ISA_USAGE = YES_ERROR;
				CLANG_WARN_DOCUMENTATION_COMMENTS = YES;
				CLANG_WARN_EMPTY_BODY = YES;
				CLANG_WARN_ENUM_CONVERSION = YES;
				CLANG_WARN_INFINITE_RECURSION = YES;
				CLANG_WARN_INT_CONVERSION = YES;
				CLANG_WARN_NON_LITERAL_NULL_CONVERSION = YES;
				CLANG_WARN_OBJC_IMPLICIT_RETAIN_SELF = YES;
				CLANG_WARN_OBJC_LITERAL_CONVERSION = YES;
				CLANG_WARN_OBJC_ROOT_CLASS = YES_ERROR;
				CLANG_WARN_QUOTED_INCLUDE_IN_FRAMEWORK_HEADER = YES;
				CLANG_WARN_RANGE_LOOP_ANALYSIS = YES;
				CLANG_WARN_STRICT_PROTOTYPES = YES;
				CLANG_WARN_SUSPICIOUS_MOVE = YES;
				CLANG_WARN_UNGUARDED_AVAILABILITY = YES_AGGRESSIVE;
				CLANG_WARN_UNREACHABLE_CODE = YES;
				CLANG_WARN__DUPLICATE_METHOD_MATCH = YES;
				COPY_PHASE_STRIP = NO;
				DEBUG_INFORMATION_FORMAT = "dwarf-with-dsym";
				ENABLE_NS_ASSERTIONS = NO;
				ENABLE_STRICT_OBJC_MSGSEND = YES;
				GCC_C_LANGUAGE_STANDARD = gnu11;
				GCC_NO_COMMON_BLOCKS = YES;
				GCC_WARN_64_TO_32_BIT_CONVERSION = YES;
				GCC_WARN_ABOUT_RETURN_TYPE = YES_ERROR;
				GCC_WARN_UNDECLARED_SELECTOR = YES;
				GCC_WARN_UNINITIALIZED_AUTOS = YES_AGGRESSIVE;
				GCC_WARN_UNUSED_FUNCTION = YES;
				GCC_WARN_UNUSED_VARIABLE = YES;
				IPHONEOS_DEPLOYMENT_TARGET = 14.5;
				MTL_ENABLE_DEBUG_INFO = NO;
				MTL_FAST_MATH = YES;
				SDKROOT = iphoneos;
				SWIFT_COMPILATION_MODE = wholemodule;
				SWIFT_OPTIMIZATION_LEVEL = "-O";
				VALIDATE_PRODUCT = YES;
			};
			name = Release;
		};
		D2C5AE942678D760003B123D /* Debug */ = {
			isa = XCBuildConfiguration;
			baseConfigurationReference = 40415D131D234751CA9EF140 /* Pods-kakaoMakers.debug.xcconfig */;
			buildSettings = {
				ASSETCATALOG_COMPILER_APPICON_NAME = AppIcon;
				ASSETCATALOG_COMPILER_GLOBAL_ACCENT_COLOR_NAME = AccentColor;
				CODE_SIGN_STYLE = Automatic;
				INFOPLIST_FILE = kakaoMakers/Info.plist;
				LD_RUNPATH_SEARCH_PATHS = (
					"$(inherited)",
					"@executable_path/Frameworks",
				);
				PRODUCT_BUNDLE_IDENTIFIER = com.minwook.kakaoMakers;
				PRODUCT_NAME = "$(TARGET_NAME)";
				SWIFT_VERSION = 5.0;
				TARGETED_DEVICE_FAMILY = 1;
			};
			name = Debug;
		};
		D2C5AE952678D760003B123D /* Release */ = {
			isa = XCBuildConfiguration;
			baseConfigurationReference = 6139545570FCF62347124ADD /* Pods-kakaoMakers.release.xcconfig */;
			buildSettings = {
				ASSETCATALOG_COMPILER_APPICON_NAME = AppIcon;
				ASSETCATALOG_COMPILER_GLOBAL_ACCENT_COLOR_NAME = AccentColor;
				CODE_SIGN_STYLE = Automatic;
				INFOPLIST_FILE = kakaoMakers/Info.plist;
				LD_RUNPATH_SEARCH_PATHS = (
					"$(inherited)",
					"@executable_path/Frameworks",
				);
				PRODUCT_BUNDLE_IDENTIFIER = com.minwook.kakaoMakers;
				PRODUCT_NAME = "$(TARGET_NAME)";
				SWIFT_VERSION = 5.0;
				TARGETED_DEVICE_FAMILY = 1;
			};
			name = Release;
		};
/* End XCBuildConfiguration section */

/* Begin XCConfigurationList section */
		D2C5AE7A2678D75F003B123D /* Build configuration list for PBXProject "kakaoMakers" */ = {
			isa = XCConfigurationList;
			buildConfigurations = (
				D2C5AE912678D760003B123D /* Debug */,
				D2C5AE922678D760003B123D /* Release */,
			);
			defaultConfigurationIsVisible = 0;
			defaultConfigurationName = Release;
		};
		D2C5AE932678D760003B123D /* Build configuration list for PBXNativeTarget "kakaoMakers" */ = {
			isa = XCConfigurationList;
			buildConfigurations = (
				D2C5AE942678D760003B123D /* Debug */,
				D2C5AE952678D760003B123D /* Release */,
			);
			defaultConfigurationIsVisible = 0;
			defaultConfigurationName = Release;
		};
/* End XCConfigurationList section */
	};
	rootObject = D2C5AE772678D75F003B123D /* Project object */;
}
